format=1
runtime_abi=1
runtime_min_commit=37ad4bcb7cc1d4e505284f1895ff77aa7b1562fe
runtime_clean_paths=vllm_moe_offload_ascend,benchmark,tests,pyproject.toml,repro,README.md,docs
seam_abi=1
seam_commit=fffbd1eb75db455e4c90dfb2b8455d0e66ff5b25
vllm_version=0.21.0
torch_version=2.10.0
torch_npu_version=2.10.0
cann_version=9.0.0
