format=1
runtime_abi=1
runtime_min_commit=37ad4bcb7cc1d4e505284f1895ff77aa7b1562fe
runtime_clean_paths=vllm_moe_offload_ascend,benchmark,tests,pyproject.toml,repro,README.md,docs
seam_abi=1
vllm_repo=https://github.com/vLLM-HUST/vllm-hust.git
vllm_commit=ad7125a431e176d4161099480a66f0169609a690
vllm_tag=v0.21.0
seam_repo=https://github.com/vLLM-HUST/vllm-ascend-hust.git
seam_branch=feature/latchmoe-offload-seam-v1-v021
seam_commit=4806367eeeb7d62b32078ae90cd929cc06d825fe
vllm_version=0.21.0
runtime_profile.issue7=2.10.0|2.10.0.post2|9.0.1|service_graph_qualified
runtime_profile.cann9_legacy=2.10.0|2.10.0|9.0.0|issue4_graph_smoke_qualified
